
Microsoft Visual Studio Solution File, Format Version 12.00
# Visual Studio 15
VisualStudioVersion = 15.0.27004.2009
MinimumVisualStudioVersion = 10.0.40219.1
Project("{8BC9CEB8-8B4A-11D0-8D11-00A0C91BC942}") = "VoteCount", "VoteCount\VoteCount.vcxproj", "{3B9A2951-329A-4CD1-B1FB-7E09BE781FD5}"
EndProject
Global
	GlobalSection(SolutionConfigurationPlatforms) = preSolution
		Debug|x64 = Debug|x64
		Debug|x86 = Debug|x86
		Release|x64 = Release|x64
		Release|x86 = Release|x86
	EndGlobalSection
	GlobalSection(ProjectConfigurationPlatforms) = postSolution
		{3B9A2951-329A-4CD1-B1FB-7E09BE781FD5}.Debug|x64.ActiveCfg = Debug|x64
		{3B9A2951-329A-4CD1-B1FB-7E09BE781FD5}.Debug|x64.Build.0 = Debug|x64
		{3B9A2951-329A-4CD1-B1FB-7E09BE781FD5}.Debug|x86.ActiveCfg = Debug|Win32
		{3B9A2951-329A-4CD1-B1FB-7E09BE781FD5}.Debug|x86.Build.0 = Debug|Win32
		{3B9A2951-329A-4CD1-B1FB-7E09BE781FD5}.Release|x64.ActiveCfg = Release|x64
		{3B9A2951-329A-4CD1-B1FB-7E09BE781FD5}.Release|x64.Build.0 = Release|x64
		{3B9A2951-329A-4CD1-B1FB-7E09BE781FD5}.Release|x86.ActiveCfg = Release|Win32
		{3B9A2951-329A-4CD1-B1FB-7E09BE781FD5}.Release|x86.Build.0 = Release|Win32
	EndGlobalSection
	GlobalSection(SolutionProperties) = preSolution
		HideSolutionNode = FALSE
	EndGlobalSection
	GlobalSection(ExtensibilityGlobals) = postSolution
		SolutionGuid = {6BDF66B2-A42D-46E7-B475-3891F5712A58}
	EndGlobalSection
EndGlobal
